
Microsoft Visual Studio Solution File, Format Version 12.00
# Visual Studio Version 17
VisualStudioVersion = 17.13.35913.81 d17.13
MinimumVisualStudioVersion = 10.0.40219.1
Project("{FAE04EC0-301F-11D3-BF4B-00C04F79EFBC}") = "dbms", "dbms.csproj", "{42B9CB6C-D9AB-49C5-A11D-59343F74A874}"
EndProject
Global
	GlobalSection(SolutionConfigurationPlatforms) = preSolution
		Debug|Any CPU = Debug|Any CPU
		Release|Any CPU = Release|Any CPU
	EndGlobalSection
	GlobalSection(ProjectConfigurationPlatforms) = postSolution
		{42B9CB6C-D9AB-49C5-A11D-59343F74A874}.Debug|Any CPU.ActiveCfg = Debug|Any CPU
		{42B9CB6C-D9AB-49C5-A11D-59343F74A874}.Debug|Any CPU.Build.0 = Debug|Any CPU
		{42B9CB6C-D9AB-49C5-A11D-59343F74A874}.Release|Any CPU.ActiveCfg = Release|Any CPU
		{42B9CB6C-D9AB-49C5-A11D-59343F74A874}.Release|Any CPU.Build.0 = Release|Any CPU
	EndGlobalSection
	GlobalSection(SolutionProperties) = preSolution
		HideSolutionNode = FALSE
	EndGlobalSection
	GlobalSection(ExtensibilityGlobals) = postSolution
		SolutionGuid = {DF472D58-5A4D-4830-914D-0B375E41A748}
	EndGlobalSection
EndGlobal
